# This file is autogenerated, do not edit; changes may be undone by the next 'dep ensure'.


[[projects]]
  name = "github.com/BurntSushi/toml"
  packages = ["."]
  revision = "5c4df71dfe9ac89ef6287afc05e4c1b16ae65a1e"

[[projects]]
  name = "github.com/PuerkitoBio/goquery"
  packages = ["."]
  revision = "e1271ee34c6a305e38566ecd27ae374944907ee9"
  version = "v1.1.0"

[[projects]]
  branch = "master"
  name = "github.com/andybalholm/cascadia"
  packages = ["."]
  revision = "349dd0209470eabd9514242c688c403c0926d266"

[[projects]]
  branch = "master"
  name = "github.com/davecgh/go-spew"
  packages = ["spew"]
  revision = "a476722483882dd40b8111f0eb64e1d7f43f56e4"

[[projects]]
  name = "github.com/google/go-querystring"
  packages = ["query"]
  revision = "2a60fc2ba6c19de80291203597d752e9ba58e4c0"

[[projects]]
  name = "github.com/hashicorp/hcl"
  packages = [".","hcl/ast","hcl/parser","hcl/scanner","hcl/strconv","hcl/token","json/parser","json/scanner","json/token"]
  revision = "e96d23138c76470c808bf6586bdaf981bbd25cae"

[[projects]]
  name = "github.com/inconshreveable/mousetrap"
  packages = ["."]
  revision = "76626ae9c91c4f2a10f34cad8ce83ea42c93bb75"
  version = "v1.0"

[[projects]]
  branch = "master"
  name = "github.com/kolo/xmlrpc"
  packages = ["."]
  revision = "0826b98aaa29c0766956cb40d45cf7482a597671"

[[projects]]
  name = "github.com/kr/pretty"
  packages = ["."]
  revision = "e6ac2fc51e89a3249e82157fa0bb7a18ef9dd5bb"

[[projects]]
  name = "github.com/kr/text"
  packages = ["."]
  revision = "bb797dc4fb8320488f47bf11de07a733d7233e1f"

[[projects]]
  name = "github.com/lafikl/backoff"
  packages = ["."]
  revision = "c201004c081d767e9749c64d1039749c1353da7b"

[[projects]]
  branch = "master"
  name = "github.com/lafikl/fluent"
  packages = ["."]
  revision = "392b95b3b5b2e8244507ab65a06ca188b20b4a9f"

[[projects]]
  name = "github.com/magiconair/properties"
  packages = ["."]
  revision = "c81f9d71af8f8cba1466501d30326b99a4e56c19"

[[projects]]
  name = "github.com/mattn/go-runewidth"
  packages = ["."]
  revision = "e882a96ec18dd43fa283187b66af74497c9101c0"

[[projects]]
  name = "github.com/mitchellh/mapstructure"
  packages = ["."]
  revision = "281073eb9eb092240d33ef253c404f1cca550309"

[[projects]]
  name = "github.com/olekukonko/tablewriter"
  packages = ["."]
  revision = "cca8bbc0798408af109aaaa239cbd2634846b340"

[[projects]]
  name = "github.com/oz/osdb"
  packages = ["."]
  revision = "b52b5514e1bd73379709d897ada00fa20007b195"

[[projects]]
  name = "github.com/pmezard/go-difflib"
  packages = ["difflib"]
  revision = "792786c7400a136282c1664665ae0a8db921c6c2"
  version = "v1.0.0"

[[projects]]
  name = "github.com/skratchdot/open-golang"
  packages = ["open"]
  revision = "c8748311a7528d0ba7330d302adbc5a677ef9c9e"

[[projects]]
  name = "github.com/spf13/cast"
  packages = ["."]
  revision = "ee7b3e0353166ab1f3a605294ac8cd2b77953778"

[[projects]]
  name = "github.com/spf13/cobra"
  packages = ["."]
  revision = "8e91712f174ced10270cf66615e0a9127e7c4de5"

[[projects]]
  name = "github.com/spf13/jwalterweatherman"
  packages = ["."]
  revision = "d00654080cddbd2b082acaa74007cb94a2b40866"

[[projects]]
  name = "github.com/spf13/pflag"
  packages = ["."]
  revision = "7f60f83a2c81bc3c3c0d5297f61ddfa68da9d3b7"

[[projects]]
  name = "github.com/spf13/viper"
  packages = ["."]
  revision = "a212099cbe6fbe8d07476bfda8d2d39b6ff8f325"

[[projects]]
  branch = "master"
  name = "github.com/stretchr/testify"
  packages = ["assert"]
  revision = "890a5c3458b43e6104ff5da8dfa139d013d77544"

[[projects]]
  branch = "master"
  name = "golang.org/x/net"
  packages = ["html","html/atom"]
  revision = "66aacef3dd8a676686c7ae3716979581e8b03c47"

[[projects]]
  name = "gopkg.in/fsnotify.v1"
  packages = ["."]
  revision = "8611c35ab31c1c28aa903d33cf8b6e44a399b09e"
  version = "v1.2.9"

[[projects]]
  name = "gopkg.in/yaml.v2"
  packages = ["."]
  revision = "f7716cbe52baa25d2e9b0d0da546fcf909fc16b4"

[solve-meta]
  analyzer-name = "dep"
  analyzer-version = 1
  inputs-digest = "5b7774b3ac1e91c441792d5dfe2db90929ff1b516ef3d29e55df30412b10732a"
  solver-name = "gps-cdcl"
  solver-version = 1
